
Microsoft Visual Studio Solution File, Format Version 12.00
# Visual Studio 15
VisualStudioVersion = 15.0.26228.73
MinimumVisualStudioVersion = 10.0.40219.1
Project("{FAE04EC0-301F-11D3-BF4B-00C04F79EFBC}") = "Estacionamientos", "Estacionamientos\Estacionamientos.csproj", "{68074037-20EC-48B1-941B-9A372942E6DE}"
EndProject
Project("{FAE04EC0-301F-11D3-BF4B-00C04F79EFBC}") = "Estacionamientos.Model", "Estacionamientos.Model\Estacionamientos.Model.csproj", "{76119EAE-C524-4EE0-B2F8-BBE94674CDE0}"
EndProject
Global
	GlobalSection(SolutionConfigurationPlatforms) = preSolution
		Debug|Any CPU = Debug|Any CPU
		Release|Any CPU = Release|Any CPU
	EndGlobalSection
	GlobalSection(ProjectConfigurationPlatforms) = postSolution
		{68074037-20EC-48B1-941B-9A372942E6DE}.Debug|Any CPU.ActiveCfg = Debug|Any CPU
		{68074037-20EC-48B1-941B-9A372942E6DE}.Debug|Any CPU.Build.0 = Debug|Any CPU
		{68074037-20EC-48B1-941B-9A372942E6DE}.Release|Any CPU.ActiveCfg = Release|Any CPU
		{68074037-20EC-48B1-941B-9A372942E6DE}.Release|Any CPU.Build.0 = Release|Any CPU
		{76119EAE-C524-4EE0-B2F8-BBE94674CDE0}.Debug|Any CPU.ActiveCfg = Debug|Any CPU
		{76119EAE-C524-4EE0-B2F8-BBE94674CDE0}.Debug|Any CPU.Build.0 = Debug|Any CPU
		{76119EAE-C524-4EE0-B2F8-BBE94674CDE0}.Release|Any CPU.ActiveCfg = Release|Any CPU
		{76119EAE-C524-4EE0-B2F8-BBE94674CDE0}.Release|Any CPU.Build.0 = Release|Any CPU
	EndGlobalSection
	GlobalSection(SolutionProperties) = preSolution
		HideSolutionNode = FALSE
	EndGlobalSection
EndGlobal
